
Microsoft Visual Studio Solution File, Format Version 12.00
# Visual Studio Version 17
VisualStudioVersion = 17.9.34728.123
MinimumVisualStudioVersion = 10.0.40219.1
Project("{9A19103F-16F7-4668-BE54-9A1E7A4F7556}") = "EmilEamm", "EmilEamm\EmilEamm.csproj", "{90BEC881-76FE-4CE2-BB64-4B6A7F4E58C4}"
EndProject
Global
	GlobalSection(SolutionConfigurationPlatforms) = preSolution
		Debug|Any CPU = Debug|Any CPU
		Release|Any CPU = Release|Any CPU
	EndGlobalSection
	GlobalSection(ProjectConfigurationPlatforms) = postSolution
		{90BEC881-76FE-4CE2-BB64-4B6A7F4E58C4}.Debug|Any CPU.ActiveCfg = Debug|Any CPU
		{90BEC881-76FE-4CE2-BB64-4B6A7F4E58C4}.Debug|Any CPU.Build.0 = Debug|Any CPU
		{90BEC881-76FE-4CE2-BB64-4B6A7F4E58C4}.Release|Any CPU.ActiveCfg = Release|Any CPU
		{90BEC881-76FE-4CE2-BB64-4B6A7F4E58C4}.Release|Any CPU.Build.0 = Release|Any CPU
	EndGlobalSection
	GlobalSection(SolutionProperties) = preSolution
		HideSolutionNode = FALSE
	EndGlobalSection
	GlobalSection(ExtensibilityGlobals) = postSolution
		SolutionGuid = {D0016D35-DD6A-4927-921C-AE55B4F474C0}
	EndGlobalSection
EndGlobal
